# This file is automatically @generated by Cargo.
# It is not intended for manual editing.
[[package]]
name = "autocfg"
version = "0.1.7"
source = "registry+https://github.com/rust-lang/crates.io-index"
checksum = "1d49d90015b3c36167a20fe2810c5cd875ad504b39cff3d4eae7977e6b7c1cb2"

[[package]]
name = "backtrace"
version = "0.3.43"
source = "registry+https://github.com/rust-lang/crates.io-index"
checksum = "7f80256bc78f67e7df7e36d77366f636ed976895d91fe2ab9efa3973e8fe8c4f"
dependencies = [
 "backtrace-sys",
 "cfg-if",
 "libc",
 "rustc-demangle",
]

[[package]]
name = "backtrace-sys"
version = "0.1.32"
source = "registry+https://github.com/rust-lang/crates.io-index"
checksum = "5d6575f128516de27e3ce99689419835fce9643a9b215a14d2b5b685be018491"
dependencies = [
 "cc",
 "libc",
]

[[package]]
name = "bitflags"
version = "1.2.1"
source = "registry+https://github.com/rust-lang/crates.io-index"
checksum = "cf1de2fe8c75bc145a2f577add951f8134889b4795d47466a54a5c846d691693"

[[package]]
name = "byteorder"
version = "1.3.4"
source = "registry+https://github.com/rust-lang/crates.io-index"
checksum = "08c48aae112d48ed9f069b33538ea9e3e90aa263cfa3d1c24309612b1f7472de"

[[package]]
name = "c2-chacha"
version = "0.2.3"
source = "registry+https://github.com/rust-lang/crates.io-index"
checksum = "214238caa1bf3a496ec3392968969cab8549f96ff30652c9e56885329315f6bb"
dependencies = [
 "ppv-lite86",
]

[[package]]
name = "cc"
version = "1.0.50"
source = "registry+https://github.com/rust-lang/crates.io-index"
checksum = "95e28fa049fda1c330bcf9d723be7663a899c4679724b34c81e9f5a326aab8cd"

[[package]]
name = "cfg-if"
version = "0.1.10"
source = "registry+https://github.com/rust-lang/crates.io-index"
checksum = "4785bdd1c96b2a846b2bd7cc02e86b6b3dbf14e7e53446c4f54c92a361040822"

[[package]]
name = "cloudabi"
version = "0.0.3"
source = "registry+https://github.com/rust-lang/crates.io-index"
checksum = "ddfc5b9aa5d4507acaf872de71051dfd0e309860e88966e1051e462a077aac4f"
dependencies = [
 "bitflags",
]

[[package]]
name = "crossbeam-channel"
version = "0.3.8"
source = "registry+https://github.com/rust-lang/crates.io-index"
checksum = "0f0ed1a4de2235cabda8558ff5840bffb97fcb64c97827f354a451307df5f72b"
dependencies = [
 "crossbeam-utils",
 "smallvec",
]

[[package]]
name = "crossbeam-utils"
version = "0.6.6"
source = "registry+https://github.com/rust-lang/crates.io-index"
checksum = "04973fa96e96579258a5091af6003abde64af786b860f18622b82e026cca60e6"
dependencies = [
 "cfg-if",
 "lazy_static",
]

[[package]]
name = "derive_more"
version = "0.14.1"
source = "registry+https://github.com/rust-lang/crates.io-index"
checksum = "6d944ac6003ed268757ef1ee686753b57efc5fcf0ebe7b64c9fc81e7e32ff839"
dependencies = [
 "proc-macro2 0.4.30",
 "quote 0.6.13",
 "rustc_version",
 "syn 0.15.44",
]

[[package]]
name = "either"
version = "1.5.3"
source = "registry+https://github.com/rust-lang/crates.io-index"
checksum = "bb1f6b1ce1c140482ea30ddd3335fc0024ac7ee112895426e0a629a6c20adfe3"

[[package]]
name = "fuchsia-cprng"
version = "0.1.1"
source = "registry+https://github.com/rust-lang/crates.io-index"
checksum = "a06f77d526c1a601b7c4cdd98f54b5eaabffc14d5f2f0296febdc7f357c6d3ba"

[[package]]
name = "getrandom"
version = "0.1.14"
source = "registry+https://github.com/rust-lang/crates.io-index"
checksum = "7abc8dd8451921606d809ba32e95b6111925cd2906060d2dcc29c070220503eb"
dependencies = [
 "cfg-if",
 "libc",
 "wasi",
]

[[package]]
name = "holochain_tracing"
version = "0.0.18"
dependencies = [
 "backtrace",
 "crossbeam-channel",
 "lazy_static",
 "log",
 "rustracing",
 "rustracing_jaeger",
 "serde",
 "serde_derive",
 "shrinkwraprs",
]

[[package]]
name = "holochain_tracing_macros"
version = "0.0.18"
dependencies = [
 "crossbeam-channel",
 "holochain_tracing",
 "lazy_static",
 "log",
 "newrelic",
 "proc-macro2 1.0.8",
 "quote 1.0.2",
 "syn 1.0.14",
]

[[package]]
name = "hostname"
version = "0.1.5"
source = "registry+https://github.com/rust-lang/crates.io-index"
checksum = "21ceb46a83a85e824ef93669c8b390009623863b5c195d1ba747292c0c72f94e"
dependencies = [
 "libc",
 "winutil",
]

[[package]]
name = "itertools"
version = "0.8.2"
source = "registry+https://github.com/rust-lang/crates.io-index"
checksum = "f56a2d0bc861f9165be4eb3442afd3c236d8a98afd426f65d92324ae1091a484"
dependencies = [
 "either",
]

[[package]]
name = "lazy_static"
version = "1.4.0"
source = "registry+https://github.com/rust-lang/crates.io-index"
checksum = "e2abad23fbc42b3700f2f279844dc832adb2b2eb069b2df918f455c4e18cc646"

[[package]]
name = "libc"
version = "0.2.66"
source = "registry+https://github.com/rust-lang/crates.io-index"
checksum = "d515b1f41455adea1313a4a2ac8a8a477634fbae63cc6100e3aebb207ce61558"

[[package]]
name = "log"
version = "0.4.8"
source = "registry+https://github.com/rust-lang/crates.io-index"
checksum = "14b6052be84e6b71ab17edffc2eeabf5c2c3ae1fdb464aae35ac50c67a44e1f7"
dependencies = [
 "cfg-if",
]

[[package]]
name = "maybe-uninit"
version = "2.0.0"
source = "registry+https://github.com/rust-lang/crates.io-index"
checksum = "60302e4db3a61da70c0cb7991976248362f30319e88850c487b9b95bbf059e00"

[[package]]
name = "newrelic"
version = "0.2.0"
source = "registry+https://github.com/rust-lang/crates.io-index"
checksum = "e53fdf317888c3af42d370c17727266baa2d5a40e68dba3c6b215dc889c0a0c7"
dependencies = [
 "derive_more",
 "log",
 "newrelic-sys",
]

[[package]]
name = "newrelic-sys"
version = "0.1.0"
source = "registry+https://github.com/rust-lang/crates.io-index"
checksum = "c5edb85a1ac47f88c3c596a1273a394be4be02d2ef847b584d1e96eb69ac7b52"

[[package]]
name = "percent-encoding"
version = "1.0.1"
source = "registry+https://github.com/rust-lang/crates.io-index"
checksum = "31010dd2e1ac33d5b46a5b413495239882813e0369f8ed8a5e266f173602f831"

[[package]]
name = "ppv-lite86"
version = "0.2.6"
source = "registry+https://github.com/rust-lang/crates.io-index"
checksum = "74490b50b9fbe561ac330df47c08f3f33073d2d00c150f719147d7c54522fa1b"

[[package]]
name = "proc-macro2"
version = "0.4.30"
source = "registry+https://github.com/rust-lang/crates.io-index"
checksum = "cf3d2011ab5c909338f7887f4fc896d35932e29146c12c8d01da6b22a80ba759"
dependencies = [
 "unicode-xid 0.1.0",
]

[[package]]
name = "proc-macro2"
version = "1.0.8"
source = "registry+https://github.com/rust-lang/crates.io-index"
checksum = "3acb317c6ff86a4e579dfa00fc5e6cca91ecbb4e7eb2df0468805b674eb88548"
dependencies = [
 "unicode-xid 0.2.0",
]

[[package]]
name = "quote"
version = "0.6.13"
source = "registry+https://github.com/rust-lang/crates.io-index"
checksum = "6ce23b6b870e8f94f81fb0a363d65d86675884b34a09043c81e5562f11c1f8e1"
dependencies = [
 "proc-macro2 0.4.30",
]

[[package]]
name = "quote"
version = "1.0.2"
source = "registry+https://github.com/rust-lang/crates.io-index"
checksum = "053a8c8bcc71fcce321828dc897a98ab9760bef03a4fc36693c231e5b3216cfe"
dependencies = [
 "proc-macro2 1.0.8",
]

[[package]]
name = "rand"
version = "0.6.5"
source = "registry+https://github.com/rust-lang/crates.io-index"
checksum = "6d71dacdc3c88c1fde3885a3be3fbab9f35724e6ce99467f7d9c5026132184ca"
dependencies = [
 "autocfg",
 "libc",
 "rand_chacha 0.1.1",
 "rand_core 0.4.2",
 "rand_hc 0.1.0",
 "rand_isaac",
 "rand_jitter",
 "rand_os",
 "rand_pcg",
 "rand_xorshift",
 "winapi",
]

[[package]]
name = "rand"
version = "0.7.3"
source = "registry+https://github.com/rust-lang/crates.io-index"
checksum = "6a6b1679d49b24bbfe0c803429aa1874472f50d9b363131f0e89fc356b544d03"
dependencies = [
 "getrandom",
 "libc",
 "rand_chacha 0.2.1",
 "rand_core 0.5.1",
 "rand_hc 0.2.0",
]

[[package]]
name = "rand_chacha"
version = "0.1.1"
source = "registry+https://github.com/rust-lang/crates.io-index"
checksum = "556d3a1ca6600bfcbab7c7c91ccb085ac7fbbcd70e008a98742e7847f4f7bcef"
dependencies = [
 "autocfg",
 "rand_core 0.3.1",
]

[[package]]
name = "rand_chacha"
version = "0.2.1"
source = "registry+https://github.com/rust-lang/crates.io-index"
checksum = "03a2a90da8c7523f554344f921aa97283eadf6ac484a6d2a7d0212fa7f8d6853"
dependencies = [
 "c2-chacha",
 "rand_core 0.5.1",
]

[[package]]
name = "rand_core"
version = "0.3.1"
source = "registry+https://github.com/rust-lang/crates.io-index"
checksum = "7a6fdeb83b075e8266dcc8762c22776f6877a63111121f5f8c7411e5be7eed4b"
dependencies = [
 "rand_core 0.4.2",
]

[[package]]
name = "rand_core"
version = "0.4.2"
source = "registry+https://github.com/rust-lang/crates.io-index"
checksum = "9c33a3c44ca05fa6f1807d8e6743f3824e8509beca625669633be0acbdf509dc"

[[package]]
name = "rand_core"
version = "0.5.1"
source = "registry+https://github.com/rust-lang/crates.io-index"
checksum = "90bde5296fc891b0cef12a6d03ddccc162ce7b2aff54160af9338f8d40df6d19"
dependencies = [
 "getrandom",
]

[[package]]
name = "rand_hc"
version = "0.1.0"
source = "registry+https://github.com/rust-lang/crates.io-index"
checksum = "7b40677c7be09ae76218dc623efbf7b18e34bced3f38883af07bb75630a21bc4"
dependencies = [
 "rand_core 0.3.1",
]

[[package]]
name = "rand_hc"
version = "0.2.0"
source = "registry+https://github.com/rust-lang/crates.io-index"
checksum = "ca3129af7b92a17112d59ad498c6f81eaf463253766b90396d39ea7a39d6613c"
dependencies = [
 "rand_core 0.5.1",
]

[[package]]
name = "rand_isaac"
version = "0.1.1"
source = "registry+https://github.com/rust-lang/crates.io-index"
checksum = "ded997c9d5f13925be2a6fd7e66bf1872597f759fd9dd93513dd7e92e5a5ee08"
dependencies = [
 "rand_core 0.3.1",
]

[[package]]
name = "rand_jitter"
version = "0.1.4"
source = "registry+https://github.com/rust-lang/crates.io-index"
checksum = "1166d5c91dc97b88d1decc3285bb0a99ed84b05cfd0bc2341bdf2d43fc41e39b"
dependencies = [
 "libc",
 "rand_core 0.4.2",
 "winapi",
]

[[package]]
name = "rand_os"
version = "0.1.3"
source = "registry+https://github.com/rust-lang/crates.io-index"
checksum = "7b75f676a1e053fc562eafbb47838d67c84801e38fc1ba459e8f180deabd5071"
dependencies = [
 "cloudabi",
 "fuchsia-cprng",
 "libc",
 "rand_core 0.4.2",
 "rdrand",
 "winapi",
]

[[package]]
name = "rand_pcg"
version = "0.1.2"
source = "registry+https://github.com/rust-lang/crates.io-index"
checksum = "abf9b09b01790cfe0364f52bf32995ea3c39f4d2dd011eac241d2914146d0b44"
dependencies = [
 "autocfg",
 "rand_core 0.4.2",
]

[[package]]
name = "rand_xorshift"
version = "0.1.1"
source = "registry+https://github.com/rust-lang/crates.io-index"
checksum = "cbf7e9e623549b0e21f6e97cf8ecf247c1a8fd2e8a992ae265314300b2455d5c"
dependencies = [
 "rand_core 0.3.1",
]

[[package]]
name = "rdrand"
version = "0.4.0"
source = "registry+https://github.com/rust-lang/crates.io-index"
checksum = "678054eb77286b51581ba43620cc911abf02758c91f93f479767aed0f90458b2"
dependencies = [
 "rand_core 0.3.1",
]

[[package]]
name = "rustc-demangle"
version = "0.1.16"
source = "registry+https://github.com/rust-lang/crates.io-index"
checksum = "4c691c0e608126e00913e33f0ccf3727d5fc84573623b8d65b2df340b5201783"

[[package]]
name = "rustc_version"
version = "0.2.3"
source = "registry+https://github.com/rust-lang/crates.io-index"
checksum = "138e3e0acb6c9fb258b19b67cb8abd63c00679d2851805ea151465464fe9030a"
dependencies = [
 "semver",
]

[[package]]
name = "rustracing"
version = "0.2.1"
source = "registry+https://github.com/rust-lang/crates.io-index"
checksum = "1033dbbcfe140c3f3bec3b5e2165e11583a1eb0bc08056faaeb2b3bfaa753ddc"
dependencies = [
 "backtrace",
 "crossbeam-channel",
 "rand 0.7.3",
 "trackable",
]

[[package]]
name = "rustracing_jaeger"
version = "0.2.1"
source = "registry+https://github.com/rust-lang/crates.io-index"
checksum = "5840ca7d3fb57a07e79f7cfe0393f5cd9491cefd6fe38db3dc085dcc5585ea17"
dependencies = [
 "crossbeam-channel",
 "hostname",
 "percent-encoding",
 "rand 0.6.5",
 "rustracing",
 "thrift_codec",
 "trackable",
]

[[package]]
name = "semver"
version = "0.9.0"
source = "registry+https://github.com/rust-lang/crates.io-index"
checksum = "1d7eb9ef2c18661902cc47e535f9bc51b78acd254da71d375c2f6720d9a40403"
dependencies = [
 "semver-parser",
]

[[package]]
name = "semver-parser"
version = "0.7.0"
source = "registry+https://github.com/rust-lang/crates.io-index"
checksum = "388a1df253eca08550bef6c72392cfe7c30914bf41df5269b68cbd6ff8f570a3"

[[package]]
name = "serde"
version = "1.0.100"
source = "registry+https://github.com/rust-lang/crates.io-index"
checksum = "f4473e8506b213730ff2061073b48fa51dcc66349219e2e7c5608f0296a1d95a"

[[package]]
name = "serde_derive"
version = "1.0.100"
source = "registry+https://github.com/rust-lang/crates.io-index"
checksum = "11e410fde43e157d789fc290d26bc940778ad0fdd47836426fbac36573710dbb"
dependencies = [
 "proc-macro2 1.0.8",
 "quote 1.0.2",
 "syn 1.0.14",
]

[[package]]
name = "shrinkwraprs"
version = "0.3.0"
source = "registry+https://github.com/rust-lang/crates.io-index"
checksum = "e63e6744142336dfb606fe2b068afa2e1cca1ee6a5d8377277a92945d81fa331"
dependencies = [
 "bitflags",
 "itertools",
 "proc-macro2 1.0.8",
 "quote 1.0.2",
 "syn 1.0.14",
]

[[package]]
name = "smallvec"
version = "0.6.13"
source = "registry+https://github.com/rust-lang/crates.io-index"
checksum = "f7b0758c52e15a8b5e3691eae6cc559f08eee9406e548a4477ba4e67770a82b6"
dependencies = [
 "maybe-uninit",
]

[[package]]
name = "syn"
version = "0.15.44"
source = "registry+https://github.com/rust-lang/crates.io-index"
checksum = "9ca4b3b69a77cbe1ffc9e198781b7acb0c7365a883670e8f1c1bc66fba79a5c5"
dependencies = [
 "proc-macro2 0.4.30",
 "quote 0.6.13",
 "unicode-xid 0.1.0",
]

[[package]]
name = "syn"
version = "1.0.14"
source = "registry+https://github.com/rust-lang/crates.io-index"
checksum = "af6f3550d8dff9ef7dc34d384ac6f107e5d31c8f57d9f28e0081503f547ac8f5"
dependencies = [
 "proc-macro2 1.0.8",
 "quote 1.0.2",
 "unicode-xid 0.2.0",
]

[[package]]
name = "thrift_codec"
version = "0.1.1"
source = "registry+https://github.com/rust-lang/crates.io-index"
checksum = "8fb61fb3d0a0af14949f3a6949b2639112e13226647112824f4d081533f9b1a8"
dependencies = [
 "byteorder",
 "trackable",
]

[[package]]
name = "trackable"
version = "0.2.23"
source = "registry+https://github.com/rust-lang/crates.io-index"
checksum = "11475c3c53b075360eac9794965822cb053996046545f91cf61d90e00b72efa5"
dependencies = [
 "trackable_derive",
]

[[package]]
name = "trackable_derive"
version = "0.1.3"
source = "registry+https://github.com/rust-lang/crates.io-index"
checksum = "edcf0b9b2caa5f4804ef77aeee1b929629853d806117c48258f402b69737e65c"
dependencies = [
 "quote 1.0.2",
 "syn 1.0.14",
]

[[package]]
name = "unicode-xid"
version = "0.1.0"
source = "registry+https://github.com/rust-lang/crates.io-index"
checksum = "fc72304796d0818e357ead4e000d19c9c174ab23dc11093ac919054d20a6a7fc"

[[package]]
name = "unicode-xid"
version = "0.2.0"
source = "registry+https://github.com/rust-lang/crates.io-index"
checksum = "826e7639553986605ec5979c7dd957c7895e93eabed50ab2ffa7f6128a75097c"

[[package]]
name = "wasi"
version = "0.9.0+wasi-snapshot-preview1"
source = "registry+https://github.com/rust-lang/crates.io-index"
checksum = "cccddf32554fecc6acb585f82a32a72e28b48f8c4c1883ddfeeeaa96f7d8e519"

[[package]]
name = "winapi"
version = "0.3.8"
source = "registry+https://github.com/rust-lang/crates.io-index"
checksum = "8093091eeb260906a183e6ae1abdba2ef5ef2257a21801128899c3fc699229c6"
dependencies = [
 "winapi-i686-pc-windows-gnu",
 "winapi-x86_64-pc-windows-gnu",
]

[[package]]
name = "winapi-i686-pc-windows-gnu"
version = "0.4.0"
source = "registry+https://github.com/rust-lang/crates.io-index"
checksum = "ac3b87c63620426dd9b991e5ce0329eff545bccbbb34f3be09ff6fb6ab51b7b6"

[[package]]
name = "winapi-x86_64-pc-windows-gnu"
version = "0.4.0"
source = "registry+https://github.com/rust-lang/crates.io-index"
checksum = "712e227841d057c1ee1cd2fb22fa7e5a5461ae8e48fa2ca79ec42cfc1931183f"

[[package]]
name = "winutil"
version = "0.1.1"
source = "registry+https://github.com/rust-lang/crates.io-index"
checksum = "7daf138b6b14196e3830a588acf1e86966c694d3e8fb026fb105b8b5dca07e6e"
dependencies = [
 "winapi",
]
